{
  "version": "5",
  "specifiers": {
    "jsr:@meop/shire@~0.8.1": "0.8.1",
    "jsr:@std/assert@^1.0.19": "1.0.19",
    "jsr:@std/collections@^1.1.3": "1.2.0",
    "jsr:@std/data-structures@^1.1.0": "1.1.0",
    "jsr:@std/fs@^1.0.24": "1.0.24",
    "jsr:@std/internal@^1.0.12": "1.0.14",
    "jsr:@std/internal@^1.0.14": "1.0.14",
    "jsr:@std/path@^1.1.5": "1.1.5",
    "jsr:@std/testing@^1.0.19": "1.0.19",
    "jsr:@std/toml@^1.0.11": "1.0.11",
    "jsr:@std/yaml@^1.1.1": "1.1.1"
  },
  "jsr": {
    "@meop/shire@0.8.1": {
      "integrity": "a7172b327e3a3e3f9d36c365533c3faa5b82185d91b16bf98f2f19f9ca656fcd",
      "dependencies": [
        "jsr:@std/yaml"
      ]
    },
    "@std/assert@1.0.19": {
      "integrity": "eaada96ee120cb980bc47e040f82814d786fe8162ecc53c91d8df60b8755991e",
      "dependencies": [
        "jsr:@std/internal@^1.0.12"
      ]
    },
    "@std/collections@1.1.6": {
      "integrity": "b458160ce65ea5ad35da05d0a5cbee4b583677c8b443a10d7beb0c4ac63f2baa"
    },
    "@std/collections@1.1.7": {
      "integrity": "56f659d011218a69740b12829cf5ea2c9b70bbed0af02597e27dc1eb5e69e208"
    },
    "@std/collections@1.2.0": {
      "integrity": "47627a21d3a13138b77fd0e4d790ba9d2e603c3510b686cde6b132fe9aa98a88"
    },
    "@std/data-structures@1.1.0": {
      "integrity": "c35ae4ad5d8e41a38573c2fe3e19b18ea2505f63cfea201edcb8720aca1f7f58"
    },
    "@std/fs@1.0.24": {
      "integrity": "f3061b45b81673a2bece689da041df32d174be064c89eb6397fb5718d3fb7877",
      "dependencies": [
        "jsr:@std/internal@^1.0.14",
        "jsr:@std/path"
      ]
    },
    "@std/internal@1.0.14": {
      "integrity": "291516b3d4c35024d6ffbc0a9df5bf4c64116e05b50012cf846710152d2ffdf7"
    },
    "@std/path@1.1.5": {
      "integrity": "ccea00982ea28c36becaf6e62f855406c76a8c32d462f66f415bbb7d83a271bc",
      "dependencies": [
        "jsr:@std/internal@^1.0.14"
      ]
    },
    "@std/testing@1.0.19": {
      "integrity": "f4236172365b216728dc3cc8b5e80a9f4c33083d1e4ede7613d5b25b4014898e",
      "dependencies": [
        "jsr:@std/assert",
        "jsr:@std/data-structures",
        "jsr:@std/fs",
        "jsr:@std/internal@^1.0.14",
        "jsr:@std/path"
      ]
    },
    "@std/toml@1.0.11": {
      "integrity": "e084988b872ca4bad6aedfb7350f6eeed0e8ba88e9ee5e1590621c5b5bb8f715",
      "dependencies": [
        "jsr:@std/collections"
      ]
    },
    "@std/yaml@1.1.1": {
      "integrity": "a57665ecf3d17b926380593a56625d8a10cc7281802f1e993b5ebc94a48e71f8"
    }
  },
  "workspace": {
    "dependencies": [
      "jsr:@meop/shire@~0.8.1",
      "jsr:@std/assert@^1.0.19",
      "jsr:@std/fs@^1.0.24",
      "jsr:@std/path@^1.1.5",
      "jsr:@std/testing@^1.0.19",
      "jsr:@std/toml@^1.0.11",
      "jsr:@std/yaml@^1.1.1"
    ],
    "links": {
      "jsr:@meop/shire@0.8.1": {
        "dependencies": [
          "jsr:@std/assert@^1.0.19",
          "jsr:@std/yaml@^1.1.1"
        ]
      }
    }
  }
}
