{
  "version": "5",
  "specifiers": {
    "jsr:@eemeli/yaml@^2.8.3": "2.8.3",
    "jsr:@meop/shire@~0.7.4": "0.7.4",
    "jsr:@std/assert@^1.0.19": "1.0.19",
    "jsr:@std/collections@^1.1.3": "1.1.7",
    "jsr:@std/data-structures@^1.0.11": "1.0.11",
    "jsr:@std/fs@^1.0.23": "1.0.23",
    "jsr:@std/internal@^1.0.12": "1.0.13",
    "jsr:@std/internal@^1.0.13": "1.0.13",
    "jsr:@std/path@^1.1.4": "1.1.4",
    "jsr:@std/testing@^1.0.18": "1.0.18",
    "jsr:@std/toml@^1.0.11": "1.0.11"
  },
  "jsr": {
    "@eemeli/yaml@2.8.3": {
      "integrity": "838335bac4d404cd10fbebf15367849a1315eb1e247a662f27e0fd59831f8b36"
    },
    "@meop/shire@0.7.4": {
      "integrity": "70c47ba4764eca6ae5f9e8cbaf027f1f8cf49257c55ee21599967800c526c164",
      "dependencies": [
        "jsr:@eemeli/yaml"
      ]
    },
    "@std/assert@1.0.19": {
      "integrity": "eaada96ee120cb980bc47e040f82814d786fe8162ecc53c91d8df60b8755991e",
      "dependencies": [
        "jsr:@std/internal@^1.0.12"
      ]
    },
    "@std/collections@1.1.6": {
      "integrity": "b458160ce65ea5ad35da05d0a5cbee4b583677c8b443a10d7beb0c4ac63f2baa"
    },
    "@std/collections@1.1.7": {
      "integrity": "56f659d011218a69740b12829cf5ea2c9b70bbed0af02597e27dc1eb5e69e208"
    },
    "@std/data-structures@1.0.11": {
      "integrity": "53b98ed7efa61f107dfc14244bd2ec5557f7f7ee0bbaef6d449d7937facacb89"
    },
    "@std/fs@1.0.23": {
      "integrity": "3ecbae4ce4fee03b180fa710caff36bb5adb66631c46a6460aaad49515565a37",
      "dependencies": [
        "jsr:@std/internal@^1.0.12",
        "jsr:@std/path"
      ]
    },
    "@std/internal@1.0.13": {
      "integrity": "2f9546691d4ac2d32859c82dff284aaeac980ddeca38430d07941e7e288725c0"
    },
    "@std/path@1.1.4": {
      "integrity": "1d2d43f39efb1b42f0b1882a25486647cb851481862dc7313390b2bb044314b5",
      "dependencies": [
        "jsr:@std/internal@^1.0.12"
      ]
    },
    "@std/testing@1.0.18": {
      "integrity": "d3152f57b11666bf6358d0e127c7e3488e91178b0c2d8fbf0793e1c53cd13cb1",
      "dependencies": [
        "jsr:@std/assert",
        "jsr:@std/data-structures",
        "jsr:@std/fs",
        "jsr:@std/internal@^1.0.13",
        "jsr:@std/path"
      ]
    },
    "@std/toml@1.0.11": {
      "integrity": "e084988b872ca4bad6aedfb7350f6eeed0e8ba88e9ee5e1590621c5b5bb8f715",
      "dependencies": [
        "jsr:@std/collections"
      ]
    }
  },
  "workspace": {
    "dependencies": [
      "jsr:@eemeli/yaml@^2.8.3",
      "jsr:@meop/shire@~0.7.4",
      "jsr:@std/assert@^1.0.19",
      "jsr:@std/fs@^1.0.23",
      "jsr:@std/path@^1.1.4",
      "jsr:@std/testing@^1.0.18",
      "jsr:@std/toml@^1.0.11"
    ],
    "links": {
      "jsr:@meop/shire@0.7.4": {
        "dependencies": [
          "jsr:@eemeli/yaml@^2.8.3",
          "jsr:@std/assert@^1.0.19"
        ]
      }
    }
  }
}
