{
  "version": "5",
  "specifiers": {
    "jsr:@cross/deepmerge@*": "1.0.0",
    "jsr:@cross/deepmerge@1": "1.0.0",
    "jsr:@eemeli/yaml@^2.8.2": "2.8.2",
    "jsr:@meop/shire@~0.1.5": "0.1.5",
    "npm:@types/node@*": "24.2.0"
  },
  "jsr": {
    "@cross/deepmerge@1.0.0": {
      "integrity": "1e1318a74e31ba1959b9aa0acae8bd417b806f74ffd25ac07c90e12f83ad6b1d"
    },
    "@eemeli/yaml@2.8.2": {
      "integrity": "58f95e7b82f2717963d31f350a9c7cdc098a7b481a3f64c58e979e2e999db0b0"
    },
    "@meop/shire@0.1.5": {
      "integrity": "27e82b0d31aff17a553b3345fd3fb8be263a757acbe56e84cc900730ac1241ee",
      "dependencies": [
        "jsr:@eemeli/yaml"
      ]
    }
  },
  "npm": {
    "@types/node@24.2.0": {
      "integrity": "sha512-3xyG3pMCq3oYCNg7/ZP+E1ooTaGB4cG8JWRsqqOYQdbWNY4zbaV0Ennrd7stjiJEFZCaybcIgpTjJWHRfBSIDw==",
      "dependencies": [
        "undici-types"
      ]
    },
    "undici-types@7.10.0": {
      "integrity": "sha512-t5Fy/nfn+14LuOc2KNYg75vZqClpAiqscVvMygNnlsHBFpSXdJaYtXMcdNLpl/Qvc3P2cB3s6lOV51nqsFq4ag=="
    }
  },
  "workspace": {
    "dependencies": [
      "jsr:@cross/deepmerge@1",
      "jsr:@eemeli/yaml@^2.8.2",
      "jsr:@meop/shire@~0.1.5"
    ],
    "links": {
      "jsr:@meop/shire@0.1.5": {
        "dependencies": [
          "jsr:@eemeli/yaml@^2.8.2"
        ]
      }
    }
  }
}
